
Microsoft Visual Studio Solution File, Format Version 12.00
# Visual Studio Version 17
VisualStudioVersion = 17.4.33205.214
MinimumVisualStudioVersion = 10.0.40219.1
Project("{FAE04EC0-301F-11D3-BF4B-00C04F79EFBC}") = "knowledgeCheck2", "knowledgeCheck2.csproj", "{EB829DDB-FD85-4D2E-91DB-5AEF55740993}"
EndProject
Global
	GlobalSection(SolutionConfigurationPlatforms) = preSolution
		Debug|Any CPU = Debug|Any CPU
		Release|Any CPU = Release|Any CPU
	EndGlobalSection
	GlobalSection(ProjectConfigurationPlatforms) = postSolution
		{EB829DDB-FD85-4D2E-91DB-5AEF55740993}.Debug|Any CPU.ActiveCfg = Debug|Any CPU
		{EB829DDB-FD85-4D2E-91DB-5AEF55740993}.Debug|Any CPU.Build.0 = Debug|Any CPU
		{EB829DDB-FD85-4D2E-91DB-5AEF55740993}.Release|Any CPU.ActiveCfg = Release|Any CPU
		{EB829DDB-FD85-4D2E-91DB-5AEF55740993}.Release|Any CPU.Build.0 = Release|Any CPU
	EndGlobalSection
	GlobalSection(SolutionProperties) = preSolution
		HideSolutionNode = FALSE
	EndGlobalSection
	GlobalSection(ExtensibilityGlobals) = postSolution
		SolutionGuid = {C97CAD9A-B41B-4013-867C-451A567E0E36}
	EndGlobalSection
EndGlobal
